// !$*UTF8*$!
{
	archiveVersion = 1;
	classes = {
	};
	objectVersion = 50;
	objects = {

/* Begin PBXBuildFile section */
		8096084B24EE29E10054B9F1 /* AppDelegate.m in Sources */ = {isa = PBXBuildFile; fileRef = 8096084A24EE29E10054B9F1 /* AppDelegate.m */; };
		8096084E24EE29E10054B9F1 /* SceneDelegate.m in Sources */ = {isa = PBXBuildFile; fileRef = 8096084D24EE29E10054B9F1 /* SceneDelegate.m */; };
		8096085124EE29E10054B9F1 /* ViewController.m in Sources */ = {isa = PBXBuildFile; fileRef = 8096085024EE29E10054B9F1 /* ViewController.m */; };
		8096085424EE29E10054B9F1 /* Main.storyboard in Resources */ = {isa = PBXBuildFile; fileRef = 8096085224EE29E10054B9F1 /* Main.storyboard */; };
		8096085624EE29E70054B9F1 /* Assets.xcassets in Resources */ = {isa = PBXBuildFile; fileRef = 8096085524EE29E70054B9F1 /* Assets.xcassets */; };
		8096085924EE29E70054B9F1 /* LaunchScreen.storyboard in Resources */ = {isa = PBXBuildFile; fileRef = 8096085724EE29E70054B9F1 /* LaunchScreen.storyboard */; };
		8096085C24EE29E70054B9F1 /* main.m in Sources */ = {isa = PBXBuildFile; fileRef = 8096085B24EE29E70054B9F1 /* main.m */; };
		8096088624EE5B580054B9F1 /* Render.m in Sources */ = {isa = PBXBuildFile; fileRef = 8096088524EE5B580054B9F1 /* Render.m */; };
		8096088824EE70900054B9F1 /* Shader.metal in Sources */ = {isa = PBXBuildFile; fileRef = 8096088724EE70900054B9F1 /* Shader.metal */; };
/* End PBXBuildFile section */

/* Begin PBXFileReference section */
		8096084624EE29E10054B9F1 /* MetalDemo.app */ = {isa = PBXFileReference; explicitFileType = wrapper.application; includeInIndex = 0; path = MetalDemo.app; sourceTree = BUILT_PRODUCTS_DIR; };
		8096084924EE29E10054B9F1 /* AppDelegate.h */ = {isa = PBXFileReference; lastKnownFileType = sourcecode.c.h; path = AppDelegate.h; sourceTree = "<group>"; };
		8096084A24EE29E10054B9F1 /* AppDelegate.m */ = {isa = PBXFileReference; lastKnownFileType = sourcecode.c.objc; path = AppDelegate.m; sourceTree = "<group>"; };
		8096084C24EE29E10054B9F1 /* SceneDelegate.h */ = {isa = PBXFileReference; lastKnownFileType = sourcecode.c.h; path = SceneDelegate.h; sourceTree = "<group>"; };
		8096084D24EE29E10054B9F1 /* SceneDelegate.m */ = {isa = PBXFileReference; lastKnownFileType = sourcecode.c.objc; path = SceneDelegate.m; sourceTree = "<group>"; };
		8096084F24EE29E10054B9F1 /* ViewController.h */ = {isa = PBXFileReference; lastKnownFileType = sourcecode.c.h; path = ViewController.h; sourceTree = "<group>"; };
		8096085024EE29E10054B9F1 /* ViewController.m */ = {isa = PBXFileReference; lastKnownFileType = sourcecode.c.objc; path = ViewController.m; sourceTree = "<group>"; };
		8096085324EE29E10054B9F1 /* Base */ = {isa = PBXFileReference; lastKnownFileType = file.storyboard; name = Base; path = Base.lproj/Main.storyboard; sourceTree = "<group>"; };
		8096085524EE29E70054B9F1 /* Assets.xcassets */ = {isa = PBXFileReference; lastKnownFileType = folder.assetcatalog; path = Assets.xcassets; sourceTree = "<group>"; };
		8096085824EE29E70054B9F1 /* Base */ = {isa = PBXFileReference; lastKnownFileType = file.storyboard; name = Base; path = Base.lproj/LaunchScreen.storyboard; sourceTree = "<group>"; };
		8096085A24EE29E70054B9F1 /* Info.plist */ = {isa = PBXFileReference; lastKnownFileType = text.plist.xml; path = Info.plist; sourceTree = "<group>"; };
		8096085B24EE29E70054B9F1 /* main.m */ = {isa = PBXFileReference; lastKnownFileType = sourcecode.c.objc; path = main.m; sourceTree = "<group>"; };
		8096088424EE5B580054B9F1 /* Render.h */ = {isa = PBXFileReference; lastKnownFileType = sourcecode.c.h; path = Render.h; sourceTree = "<group>"; };
		8096088524EE5B580054B9F1 /* Render.m */ = {isa = PBXFileReference; lastKnownFileType = sourcecode.c.objc; path = Render.m; sourceTree = "<group>"; };
		8096088724EE70900054B9F1 /* Shader.metal */ = {isa = PBXFileReference; lastKnownFileType = sourcecode.metal; path = Shader.metal; sourceTree = "<group>"; };
		8096088924EE70B30054B9F1 /* ShaderTypes.h */ = {isa = PBXFileReference; lastKnownFileType = sourcecode.c.h; path = ShaderTypes.h; sourceTree = "<group>"; };
/* End PBXFileReference section */

/* Begin PBXFrameworksBuildPhase section */
		8096084324EE29E10054B9F1 /* Frameworks */ = {
			isa = PBXFrameworksBuildPhase;
			buildActionMask = 2147483647;
			files = (
			);
			runOnlyForDeploymentPostprocessing = 0;
		};
/* End PBXFrameworksBuildPhase section */

/* Begin PBXGroup section */
		8096083D24EE29E10054B9F1 = {
			isa = PBXGroup;
			children = (
				8096084824EE29E10054B9F1 /* MetalDemo */,
				8096084724EE29E10054B9F1 /* Products */,
			);
			sourceTree = "<group>";
		};
		8096084724EE29E10054B9F1 /* Products */ = {
			isa = PBXGroup;
			children = (
				8096084624EE29E10054B9F1 /* MetalDemo.app */,
			);
			name = Products;
			sourceTree = "<group>";
		};
		8096084824EE29E10054B9F1 /* MetalDemo */ = {
			isa = PBXGroup;
			children = (
				8096084924EE29E10054B9F1 /* AppDelegate.h */,
				8096084A24EE29E10054B9F1 /* AppDelegate.m */,
				8096084C24EE29E10054B9F1 /* SceneDelegate.h */,
				8096084D24EE29E10054B9F1 /* SceneDelegate.m */,
				8096084F24EE29E10054B9F1 /* ViewController.h */,
				8096085024EE29E10054B9F1 /* ViewController.m */,
				8096088424EE5B580054B9F1 /* Render.h */,
				8096088524EE5B580054B9F1 /* Render.m */,
				8096088724EE70900054B9F1 /* Shader.metal */,
				8096088924EE70B30054B9F1 /* ShaderTypes.h */,
				8096085224EE29E10054B9F1 /* Main.storyboard */,
				8096085524EE29E70054B9F1 /* Assets.xcassets */,
				8096085724EE29E70054B9F1 /* LaunchScreen.storyboard */,
				8096085A24EE29E70054B9F1 /* Info.plist */,
				8096085B24EE29E70054B9F1 /* main.m */,
			);
			path = MetalDemo;
			sourceTree = "<group>";
		};
/* End PBXGroup section */

/* Begin PBXNativeTarget section */
		8096084524EE29E10054B9F1 /* MetalDemo */ = {
			isa = PBXNativeTarget;
			buildConfigurationList = 8096087524EE29E80054B9F1 /* Build configuration list for PBXNativeTarget "MetalDemo" */;
			buildPhases = (
				8096084224EE29E10054B9F1 /* Sources */,
				8096084324EE29E10054B9F1 /* Frameworks */,
				8096084424EE29E10054B9F1 /* Resources */,
			);
			buildRules = (
			);
			dependencies = (
			);
			name = MetalDemo;
			productName = MetalDemo;
			productReference = 8096084624EE29E10054B9F1 /* MetalDemo.app */;
			productType = "com.apple.product-type.application";
		};
/* End PBXNativeTarget section */

/* Begin PBXProject section */
		8096083E24EE29E10054B9F1 /* Project object */ = {
			isa = PBXProject;
			attributes = {
				LastUpgradeCheck = 1160;
				ORGANIZATIONNAME = Snowxls;
				TargetAttributes = {
					8096084524EE29E10054B9F1 = {
						CreatedOnToolsVersion = 11.6;
					};
				};
			};
			buildConfigurationList = 8096084124EE29E10054B9F1 /* Build configuration list for PBXProject "MetalDemo" */;
			compatibilityVersion = "Xcode 9.3";
			developmentRegion = en;
			hasScannedForEncodings = 0;
			knownRegions = (
				en,
				Base,
			);
			mainGroup = 8096083D24EE29E10054B9F1;
			productRefGroup = 8096084724EE29E10054B9F1 /* Products */;
			projectDirPath = "";
			projectRoot = "";
			targets = (
				8096084524EE29E10054B9F1 /* MetalDemo */,
			);
		};
/* End PBXProject section */

/* Begin PBXResourcesBuildPhase section */
		8096084424EE29E10054B9F1 /* Resources */ = {
			isa = PBXResourcesBuildPhase;
			buildActionMask = 2147483647;
			files = (
				8096085924EE29E70054B9F1 /* LaunchScreen.storyboard in Resources */,
				8096085624EE29E70054B9F1 /* Assets.xcassets in Resources */,
				8096085424EE29E10054B9F1 /* Main.storyboard in Resources */,
			);
			runOnlyForDeploymentPostprocessing = 0;
		};
/* End PBXResourcesBuildPhase section */

/* Begin PBXSourcesBuildPhase section */
		8096084224EE29E10054B9F1 /* Sources */ = {
			isa = PBXSourcesBuildPhase;
			buildActionMask = 2147483647;
			files = (
				8096088824EE70900054B9F1 /* Shader.metal in Sources */,
				8096085124EE29E10054B9F1 /* ViewController.m in Sources */,
				8096084B24EE29E10054B9F1 /* AppDelegate.m in Sources */,
				8096085C24EE29E70054B9F1 /* main.m in Sources */,
				8096084E24EE29E10054B9F1 /* SceneDelegate.m in Sources */,
				8096088624EE5B580054B9F1 /* Render.m in Sources */,
			);
			runOnlyForDeploymentPostprocessing = 0;
		};
/* End PBXSourcesBuildPhase section */

/* Begin PBXVariantGroup section */
		8096085224EE29E10054B9F1 /* Main.storyboard */ = {
			isa = PBXVariantGroup;
			children = (
				8096085324EE29E10054B9F1 /* Base */,
			);
			name = Main.storyboard;
			sourceTree = "<group>";
		};
		8096085724EE29E70054B9F1 /* LaunchScreen.storyboard */ = {
			isa = PBXVariantGroup;
			children = (
				8096085824EE29E70054B9F1 /* Base */,
			);
			name = LaunchScreen.storyboard;
			sourceTree = "<group>";
		};
/* End PBXVariantGroup section */

/* Begin XCBuildConfiguration section */
		8096087324EE29E80054B9F1 /* Debug */ = {
			isa = XCBuildConfiguration;
			buildSettings = {
				ALWAYS_SEARCH_USER_PATHS = NO;
				CLANG_ANALYZER_NONNULL = YES;
				CLANG_ANALYZER_NUMBER_OBJECT_CONVERSION = YES_AGGRESSIVE;
				CLANG_CXX_LANGUAGE_STANDARD = "gnu++14";
				CLANG_CXX_LIBRARY = "libc++";
				CLANG_ENABLE_MODULES = YES;
				CLANG_ENABLE_OBJC_ARC = YES;
				CLANG_ENABLE_OBJC_WEAK = YES;
				CLANG_WARN_BLOCK_CAPTURE_AUTORELEASING = YES;
				CLANG_WARN_BOOL_CONVERSION = YES;
				CLANG_WARN_COMMA = YES;
				CLANG_WARN_CONSTANT_CONVERSION = YES;
				CLANG_WARN_DEPRECATED_OBJC_IMPLEMENTATIONS = YES;
				CLANG_WARN_DIRECT_OBJC_ISA_USAGE = YES_ERROR;
				CLANG_WARN_DOCUMENTATION_COMMENTS = YES;
				CLANG_WARN_EMPTY_BODY = YES;
				CLANG_WARN_ENUM_CONVERSION = YES;
				CLANG_WARN_INFINITE_RECURSION = YES;
				CLANG_WARN_INT_CONVERSION = YES;
				CLANG_WARN_NON_LITERAL_NULL_CONVERSION = YES;
				CLANG_WARN_OBJC_IMPLICIT_RETAIN_SELF = YES;
				CLANG_WARN_OBJC_LITERAL_CONVERSION = YES;
				CLANG_WARN_OBJC_ROOT_CLASS = YES_ERROR;
				CLANG_WARN_RANGE_LOOP_ANALYSIS = YES;
				CLANG_WARN_STRICT_PROTOTYPES = YES;
				CLANG_WARN_SUSPICIOUS_MOVE = YES;
				CLANG_WARN_UNGUARDED_AVAILABILITY = YES_AGGRESSIVE;
				CLANG_WARN_UNREACHABLE_CODE = YES;
				CLANG_WARN__DUPLICATE_METHOD_MATCH = YES;
				COPY_PHASE_STRIP = NO;
				DEBUG_INFORMATION_FORMAT = dwarf;
				ENABLE_STRICT_OBJC_MSGSEND = YES;
				ENABLE_TESTABILITY = YES;
				GCC_C_LANGUAGE_STANDARD = gnu11;
				GCC_DYNAMIC_NO_PIC = NO;
				GCC_NO_COMMON_BLOCKS = YES;
				GCC_OPTIMIZATION_LEVEL = 0;
				GCC_PREPROCESSOR_DEFINITIONS = (
					"DEBUG=1",
					"$(inherited)",
				);
				GCC_WARN_64_TO_32_BIT_CONVERSION = YES;
				GCC_WARN_ABOUT_RETURN_TYPE = YES_ERROR;
				GCC_WARN_UNDECLARED_SELECTOR = YES;
				GCC_WARN_UNINITIALIZED_AUTOS = YES_AGGRESSIVE;
				GCC_WARN_UNUSED_FUNCTION = YES;
				GCC_WARN_UNUSED_VARIABLE = YES;
				IPHONEOS_DEPLOYMENT_TARGET = 13.6;
				MTL_ENABLE_DEBUG_INFO = INCLUDE_SOURCE;
				MTL_FAST_MATH = YES;
				ONLY_ACTIVE_ARCH = YES;
				SDKROOT = iphoneos;
			};
			name = Debug;
		};
		8096087424EE29E80054B9F1 /* Release */ = {
			isa = XCBuildConfiguration;
			buildSettings = {
				ALWAYS_SEARCH_USER_PATHS = NO;
				CLANG_ANALYZER_NONNULL = YES;
				CLANG_ANALYZER_NUMBER_OBJECT_CONVERSION = YES_AGGRESSIVE;
				CLANG_CXX_LANGUAGE_STANDARD = "gnu++14";
				CLANG_CXX_LIBRARY = "libc++";
				CLANG_ENABLE_MODULES = YES;
				CLANG_ENABLE_OBJC_ARC = YES;
				CLANG_ENABLE_OBJC_WEAK = YES;
				CLANG_WARN_BLOCK_CAPTURE_AUTORELEASING = YES;
				CLANG_WARN_BOOL_CONVERSION = YES;
				CLANG_WARN_COMMA = YES;
				CLANG_WARN_CONSTANT_CONVERSION = YES;
				CLANG_WARN_DEPRECATED_OBJC_IMPLEMENTATIONS = YES;
				CLANG_WARN_DIRECT_OBJC_ISA_USAGE = YES_ERROR;
				CLANG_WARN_DOCUMENTATION_COMMENTS = YES;
				CLANG_WARN_EMPTY_BODY = YES;
				CLANG_WARN_ENUM_CONVERSION = YES;
				CLANG_WARN_INFINITE_RECURSION = YES;
				CLANG_WARN_INT_CONVERSION = YES;
				CLANG_WARN_NON_LITERAL_NULL_CONVERSION = YES;
				CLANG_WARN_OBJC_IMPLICIT_RETAIN_SELF = YES;
				CLANG_WARN_OBJC_LITERAL_CONVERSION = YES;
				CLANG_WARN_OBJC_ROOT_CLASS = YES_ERROR;
				CLANG_WARN_RANGE_LOOP_ANALYSIS = YES;
				CLANG_WARN_STRICT_PROTOTYPES = YES;
				CLANG_WARN_SUSPICIOUS_MOVE = YES;
				CLANG_WARN_UNGUARDED_AVAILABILITY = YES_AGGRESSIVE;
				CLANG_WARN_UNREACHABLE_CODE = YES;
				CLANG_WARN__DUPLICATE_METHOD_MATCH = YES;
				COPY_PHASE_STRIP = NO;
				DEBUG_INFORMATION_FORMAT = "dwarf-with-dsym";
				ENABLE_NS_ASSERTIONS = NO;
				ENABLE_STRICT_OBJC_MSGSEND = YES;
				GCC_C_LANGUAGE_STANDARD = gnu11;
				GCC_NO_COMMON_BLOCKS = YES;
				GCC_WARN_64_TO_32_BIT_CONVERSION = YES;
				GCC_WARN_ABOUT_RETURN_TYPE = YES_ERROR;
				GCC_WARN_UNDECLARED_SELECTOR = YES;
				GCC_WARN_UNINITIALIZED_AUTOS = YES_AGGRESSIVE;
				GCC_WARN_UNUSED_FUNCTION = YES;
				GCC_WARN_UNUSED_VARIABLE = YES;
				IPHONEOS_DEPLOYMENT_TARGET = 13.6;
				MTL_ENABLE_DEBUG_INFO = NO;
				MTL_FAST_MATH = YES;
				SDKROOT = iphoneos;
				VALIDATE_PRODUCT = YES;
			};
			name = Release;
		};
		8096087624EE29E80054B9F1 /* Debug */ = {
			isa = XCBuildConfiguration;
			buildSettings = {
				ASSETCATALOG_COMPILER_APPICON_NAME = AppIcon;
				CODE_SIGN_STYLE = Automatic;
				DEVELOPMENT_TEAM = 8BNGGTUVLB;
				INFOPLIST_FILE = MetalDemo/Info.plist;
				IPHONEOS_DEPLOYMENT_TARGET = 9.0;
				LD_RUNPATH_SEARCH_PATHS = (
					"$(inherited)",
					"@executable_path/Frameworks",
				);
				PRODUCT_BUNDLE_IDENTIFIER = com.snow.MetalDemo;
				PRODUCT_NAME = "$(TARGET_NAME)";
				TARGETED_DEVICE_FAMILY = "1,2";
			};
			name = Debug;
		};
		8096087724EE29E80054B9F1 /* Release */ = {
			isa = XCBuildConfiguration;
			buildSettings = {
				ASSETCATALOG_COMPILER_APPICON_NAME = AppIcon;
				CODE_SIGN_STYLE = Automatic;
				DEVELOPMENT_TEAM = 8BNGGTUVLB;
				INFOPLIST_FILE = MetalDemo/Info.plist;
				IPHONEOS_DEPLOYMENT_TARGET = 9.0;
				LD_RUNPATH_SEARCH_PATHS = (
					"$(inherited)",
					"@executable_path/Frameworks",
				);
				PRODUCT_BUNDLE_IDENTIFIER = com.snow.MetalDemo;
				PRODUCT_NAME = "$(TARGET_NAME)";
				TARGETED_DEVICE_FAMILY = "1,2";
			};
			name = Release;
		};
/* End XCBuildConfiguration section */

/* Begin XCConfigurationList section */
		8096084124EE29E10054B9F1 /* Build configuration list for PBXProject "MetalDemo" */ = {
			isa = XCConfigurationList;
			buildConfigurations = (
				8096087324EE29E80054B9F1 /* Debug */,
				8096087424EE29E80054B9F1 /* Release */,
			);
			defaultConfigurationIsVisible = 0;
			defaultConfigurationName = Release;
		};
		8096087524EE29E80054B9F1 /* Build configuration list for PBXNativeTarget "MetalDemo" */ = {
			isa = XCConfigurationList;
			buildConfigurations = (
				8096087624EE29E80054B9F1 /* Debug */,
				8096087724EE29E80054B9F1 /* Release */,
			);
			defaultConfigurationIsVisible = 0;
			defaultConfigurationName = Release;
		};
/* End XCConfigurationList section */
	};
	rootObject = 8096083E24EE29E10054B9F1 /* Project object */;
}
